{
  "version": 4,
  "terraform_version": "0.14.6",
  "serial": 19,
  "lineage": "1ed67164-958b-d6a8-ef85-98df8ebd5213",
  "outputs": {},
  "resources": [
    {
      "module": "module.lambda",
      "mode": "data",
      "type": "archive_file",
      "name": "archive",
      "provider": "provider[\"registry.terraform.io/hashicorp/archive\"]",
      "instances": [
        {
          "schema_version": 0,
          "attributes": {
            "excludes": null,
            "id": "bf13a7eaa45f4f4664f40a25088be27a15c963b2",
            "output_base64sha256": "XLkCs2GaCgidccHxN0S1mkrixyU/EVHueieKS+Puf/A=",
            "output_md5": "076c8cc56652dc8dde1720dd12fe91da",
            "output_path": "./python-code.zip",
            "output_sha": "bf13a7eaa45f4f4664f40a25088be27a15c963b2",
            "output_size": 1374,
            "source": [],
            "source_content": null,
            "source_content_filename": null,
            "source_dir": "./../src/lambda-function1/",
            "source_file": null,
            "type": "zip"
          },
          "sensitive_attributes": []
        }
      ]
    },
    {
      "module": "module.lambda",
      "mode": "managed",
      "type": "aws_iam_role",
      "name": "iam_for_lambda",
      "provider": "provider[\"registry.terraform.io/hashicorp/aws\"]",
      "instances": [
        {
          "schema_version": 0,
          "attributes": {
            "arn": "arn:aws:iam::266283146648:role/iam_for_lambda",
            "assume_role_policy": "{\"Version\":\"2012-10-17\",\"Statement\":[{\"Effect\":\"Allow\",\"Principal\":{\"Service\":\"lambda.amazonaws.com\"},\"Action\":\"sts:AssumeRole\"}]}",
            "create_date": "2021-02-13T19:18:22Z",
            "description": "",
            "force_detach_policies": false,
            "id": "iam_for_lambda",
            "max_session_duration": 3600,
            "name": "iam_for_lambda",
            "name_prefix": null,
            "path": "/",
            "permissions_boundary": null,
            "tags": null,
            "unique_id": "AROAT375WLWMKABZLGR65"
          },
          "sensitive_attributes": [],
          "private": "bnVsbA=="
        }
      ]
    },
    {
      "module": "module.lambda",
      "mode": "managed",
      "type": "aws_lambda_function",
      "name": "func",
      "provider": "provider[\"registry.terraform.io/hashicorp/aws\"]",
      "instances": [
        {
          "schema_version": 0,
          "attributes": {
            "arn": "arn:aws:lambda:eu-west-1:266283146648:function:example_lambda_name",
            "code_signing_config_arn": "",
            "dead_letter_config": [],
            "description": "My simple lambda function",
            "environment": [],
            "file_system_config": [],
            "filename": "python-code.zip",
            "function_name": "example_lambda_name",
            "handler": "importcsv.lambda_handler",
            "id": "example_lambda_name",
            "image_config": [],
            "image_uri": "",
            "invoke_arn": "arn:aws:apigateway:eu-west-1:lambda:path/2015-03-31/functions/arn:aws:lambda:eu-west-1:266283146648:function:example_lambda_name/invocations",
            "kms_key_arn": "",
            "last_modified": "2021-02-13T19:18:39.142+0000",
            "layers": null,
            "memory_size": 128,
            "package_type": "Zip",
            "publish": false,
            "qualified_arn": "arn:aws:lambda:eu-west-1:266283146648:function:example_lambda_name:$LATEST",
            "reserved_concurrent_executions": -1,
            "role": "arn:aws:iam::266283146648:role/iam_for_lambda",
            "runtime": "python3.8",
            "s3_bucket": null,
            "s3_key": null,
            "s3_object_version": null,
            "signing_job_arn": "",
            "signing_profile_version_arn": "",
            "source_code_hash": "XLkCs2GaCgidccHxN0S1mkrixyU/EVHueieKS+Puf/A=",
            "source_code_size": 1374,
            "tags": null,
            "timeout": 3,
            "timeouts": null,
            "tracing_config": [
              {
                "mode": "PassThrough"
              }
            ],
            "version": "$LATEST",
            "vpc_config": []
          },
          "sensitive_attributes": [],
          "private": "eyJlMmJmYjczMC1lY2FhLTExZTYtOGY4OC0zNDM2M2JjN2M0YzAiOnsiY3JlYXRlIjo2MDAwMDAwMDAwMDB9fQ==",
          "dependencies": [
            "module.lambda.aws_iam_role.iam_for_lambda"
          ]
        }
      ]
    },
    {
      "module": "module.lambda",
      "mode": "managed",
      "type": "aws_lambda_permission",
      "name": "allow_bucket",
      "provider": "provider[\"registry.terraform.io/hashicorp/aws\"]",
      "instances": []
    },
    {
      "module": "module.s3",
      "mode": "managed",
      "type": "aws_iam_policy",
      "name": "s3_policy",
      "provider": "provider[\"registry.terraform.io/hashicorp/aws\"]",
      "instances": [
        {
          "schema_version": 0,
          "attributes": {
            "arn": "arn:aws:iam::266283146648:policy/test_policy",
            "description": "My test policy",
            "id": "arn:aws:iam::266283146648:policy/test_policy",
            "name": "test_policy",
            "name_prefix": null,
            "path": "/",
            "policy": "{\n  \"Version\": \"2012-10-17\",\n  \"Statement\": [\n      {\n         \"Effect\":\"Allow\",\n         \"Action\":[\n            \"s3:PutObject\",\n            \"s3:PutObjectAcl\",\n            \"s3:GetObject\",\n            \"s3:GetObjectAcl\",\n            \"s3:DeleteObject\"\n         ],\n         \"Resource\":\"arn:aws:s3:::arul-input-bucket/*\"\n      }\n  ]\n}\n"
          },
          "sensitive_attributes": [],
          "private": "bnVsbA=="
        }
      ]
    },
    {
      "module": "module.s3",
      "mode": "managed",
      "type": "aws_iam_role_policy_attachment",
      "name": "logs_policy",
      "provider": "provider[\"registry.terraform.io/hashicorp/aws\"]",
      "instances": [
        {
          "schema_version": 0,
          "attributes": {
            "id": "iam_for_lambda-20210213191822975500000001",
            "policy_arn": "arn:aws:iam::aws:policy/service-role/AWSLambdaBasicExecutionRole",
            "role": "iam_for_lambda"
          },
          "sensitive_attributes": [],
          "private": "bnVsbA==",
          "dependencies": [
            "module.lambda.aws_iam_role.iam_for_lambda"
          ]
        }
      ]
    },
    {
      "module": "module.s3",
      "mode": "managed",
      "type": "aws_iam_role_policy_attachment",
      "name": "s3_get_policy",
      "provider": "provider[\"registry.terraform.io/hashicorp/aws\"]",
      "instances": [
        {
          "schema_version": 0,
          "attributes": {
            "id": "iam_for_lambda-20210213191823411200000002",
            "policy_arn": "arn:aws:iam::266283146648:policy/test_policy",
            "role": "iam_for_lambda"
          },
          "sensitive_attributes": [],
          "private": "bnVsbA==",
          "dependencies": [
            "module.lambda.aws_iam_role.iam_for_lambda",
            "module.s3.aws_iam_policy.s3_policy"
          ]
        }
      ]
    },
    {
      "module": "module.s3",
      "mode": "managed",
      "type": "aws_s3_bucket_notification",
      "name": "bucket_notification",
      "provider": "provider[\"registry.terraform.io/hashicorp/aws\"]",
      "instances": []
    }
  ]
}
